packages:
  - git: https://github.com/dbt-labs/dbt-utils.git
    name: dbt_utils
    revision: e164c645238ca98f21b2ecc558912b94b3d75a9f
  - git: https://github.com/metaplane/dbt-expectations.git
    name: dbt_expectations
    revision: 8d39e126b8d4888d931883007273ee36ecd1dc30
  - name: dbt_date
    package: godatadriven/dbt_date
    version: 0.14.2
sha1_hash: babfb18d1cedc7dc10b7a0da2f7cd4aa5b4de493
